
Microsoft Visual Studio Solution File, Format Version 12.00
# Visual Studio 15
VisualStudioVersion = 15.0.28010.2046
MinimumVisualStudioVersion = 10.0.40219.1
Project("{8BC9CEB8-8B4A-11D0-8D11-00A0C91BC942}") = "NNLBM", "NNLBM\NNLBM.vcxproj", "{F5AE6FAC-A48B-47FD-B00B-3FA631BAE09F}"
EndProject
Project("{8BC9CEB8-8B4A-11D0-8D11-00A0C91BC942}") = "ParallelTests01", "..\..\Other code\ParallelTests01\ParallelTests01\ParallelTests01.vcxproj", "{8CA20F68-A60B-42F4-8C91-00EC280B1765}"
EndProject
Project("{8BC9CEB8-8B4A-11D0-8D11-00A0C91BC942}") = "PolymorphismTests01", "PolymorphismTests01\PolymorphismTests01.vcxproj", "{84C4EC79-7563-4050-BABD-ADB55B731FAE}"
EndProject
Project("{2150E333-8FDC-42A3-9474-1A3956D46DE8}") = "Solution Items", "Solution Items", "{290691B5-012D-4BB3-AA32-8DD026025D4D}"
	ProjectSection(SolutionItems) = preProject
		Performance1.psess = Performance1.psess
	EndProjectSection
EndProject
Project("{8BC9CEB8-8B4A-11D0-8D11-00A0C91BC942}") = "PerformanceTest01", "PerformanceTest01\PerformanceTest01.vcxproj", "{8E46F7F4-AB5C-4152-940E-1F20A1BE1C0F}"
EndProject
Project("{8BC9CEB8-8B4A-11D0-8D11-00A0C91BC942}") = "MemberFunctionPointers", "MemberFunctionPointers\MemberFunctionPointers.vcxproj", "{A6513694-D290-4C7B-BC36-7C64294D5CA7}"
EndProject
Project("{8BC9CEB8-8B4A-11D0-8D11-00A0C91BC942}") = "TrheadsTests", "TrheadsTests\TrheadsTests.vcxproj", "{29E32797-A3C1-43FF-B083-960CC8F63164}"
EndProject
Project("{8BC9CEB8-8B4A-11D0-8D11-00A0C91BC942}") = "Parallell17", "Parallell17\Parallell17.vcxproj", "{171EFD56-354F-4408-BFC2-844CFC443432}"
EndProject
Project("{8BC9CEB8-8B4A-11D0-8D11-00A0C91BC942}") = "CppAMP", "CppAMP\CppAMP.vcxproj", "{8591F7FD-0348-4253-AEF3-BCA0312C5FC4}"
EndProject
Global
	GlobalSection(SolutionConfigurationPlatforms) = preSolution
		Custom1|x64 = Custom1|x64
		Custom1|x86 = Custom1|x86
		Debug|x64 = Debug|x64
		Debug|x86 = Debug|x86
		Release|x64 = Release|x64
		Release|x86 = Release|x86
	EndGlobalSection
	GlobalSection(ProjectConfigurationPlatforms) = postSolution
		{F5AE6FAC-A48B-47FD-B00B-3FA631BAE09F}.Custom1|x64.ActiveCfg = Custom1|x64
		{F5AE6FAC-A48B-47FD-B00B-3FA631BAE09F}.Custom1|x64.Build.0 = Custom1|x64
		{F5AE6FAC-A48B-47FD-B00B-3FA631BAE09F}.Custom1|x86.ActiveCfg = Custom1|Win32
		{F5AE6FAC-A48B-47FD-B00B-3FA631BAE09F}.Custom1|x86.Build.0 = Custom1|Win32
		{F5AE6FAC-A48B-47FD-B00B-3FA631BAE09F}.Debug|x64.ActiveCfg = Debug|x64
		{F5AE6FAC-A48B-47FD-B00B-3FA631BAE09F}.Debug|x64.Build.0 = Debug|x64
		{F5AE6FAC-A48B-47FD-B00B-3FA631BAE09F}.Debug|x86.ActiveCfg = Debug|Win32
		{F5AE6FAC-A48B-47FD-B00B-3FA631BAE09F}.Debug|x86.Build.0 = Debug|Win32
		{F5AE6FAC-A48B-47FD-B00B-3FA631BAE09F}.Release|x64.ActiveCfg = Release|x64
		{F5AE6FAC-A48B-47FD-B00B-3FA631BAE09F}.Release|x64.Build.0 = Release|x64
		{F5AE6FAC-A48B-47FD-B00B-3FA631BAE09F}.Release|x86.ActiveCfg = Release|Win32
		{F5AE6FAC-A48B-47FD-B00B-3FA631BAE09F}.Release|x86.Build.0 = Release|Win32
		{8CA20F68-A60B-42F4-8C91-00EC280B1765}.Custom1|x64.ActiveCfg = Release|x64
		{8CA20F68-A60B-42F4-8C91-00EC280B1765}.Custom1|x64.Build.0 = Release|x64
		{8CA20F68-A60B-42F4-8C91-00EC280B1765}.Custom1|x86.ActiveCfg = Release|Win32
		{8CA20F68-A60B-42F4-8C91-00EC280B1765}.Custom1|x86.Build.0 = Release|Win32
		{8CA20F68-A60B-42F4-8C91-00EC280B1765}.Debug|x64.ActiveCfg = Debug|x64
		{8CA20F68-A60B-42F4-8C91-00EC280B1765}.Debug|x86.ActiveCfg = Debug|Win32
		{8CA20F68-A60B-42F4-8C91-00EC280B1765}.Debug|x86.Build.0 = Debug|Win32
		{8CA20F68-A60B-42F4-8C91-00EC280B1765}.Release|x64.ActiveCfg = Release|x64
		{8CA20F68-A60B-42F4-8C91-00EC280B1765}.Release|x86.ActiveCfg = Release|Win32
		{8CA20F68-A60B-42F4-8C91-00EC280B1765}.Release|x86.Build.0 = Release|Win32
		{84C4EC79-7563-4050-BABD-ADB55B731FAE}.Custom1|x64.ActiveCfg = Release|x64
		{84C4EC79-7563-4050-BABD-ADB55B731FAE}.Custom1|x64.Build.0 = Release|x64
		{84C4EC79-7563-4050-BABD-ADB55B731FAE}.Custom1|x86.ActiveCfg = Release|Win32
		{84C4EC79-7563-4050-BABD-ADB55B731FAE}.Custom1|x86.Build.0 = Release|Win32
		{84C4EC79-7563-4050-BABD-ADB55B731FAE}.Debug|x64.ActiveCfg = Debug|x64
		{84C4EC79-7563-4050-BABD-ADB55B731FAE}.Debug|x86.ActiveCfg = Debug|Win32
		{84C4EC79-7563-4050-BABD-ADB55B731FAE}.Debug|x86.Build.0 = Debug|Win32
		{84C4EC79-7563-4050-BABD-ADB55B731FAE}.Release|x64.ActiveCfg = Release|x64
		{84C4EC79-7563-4050-BABD-ADB55B731FAE}.Release|x86.ActiveCfg = Release|Win32
		{84C4EC79-7563-4050-BABD-ADB55B731FAE}.Release|x86.Build.0 = Release|Win32
		{8E46F7F4-AB5C-4152-940E-1F20A1BE1C0F}.Custom1|x64.ActiveCfg = Release|x64
		{8E46F7F4-AB5C-4152-940E-1F20A1BE1C0F}.Custom1|x64.Build.0 = Release|x64
		{8E46F7F4-AB5C-4152-940E-1F20A1BE1C0F}.Custom1|x86.ActiveCfg = Release|Win32
		{8E46F7F4-AB5C-4152-940E-1F20A1BE1C0F}.Custom1|x86.Build.0 = Release|Win32
		{8E46F7F4-AB5C-4152-940E-1F20A1BE1C0F}.Debug|x64.ActiveCfg = Debug|x64
		{8E46F7F4-AB5C-4152-940E-1F20A1BE1C0F}.Debug|x86.ActiveCfg = Debug|Win32
		{8E46F7F4-AB5C-4152-940E-1F20A1BE1C0F}.Debug|x86.Build.0 = Debug|Win32
		{8E46F7F4-AB5C-4152-940E-1F20A1BE1C0F}.Release|x64.ActiveCfg = Release|x64
		{8E46F7F4-AB5C-4152-940E-1F20A1BE1C0F}.Release|x86.ActiveCfg = Release|Win32
		{8E46F7F4-AB5C-4152-940E-1F20A1BE1C0F}.Release|x86.Build.0 = Release|Win32
		{A6513694-D290-4C7B-BC36-7C64294D5CA7}.Custom1|x64.ActiveCfg = Release|x64
		{A6513694-D290-4C7B-BC36-7C64294D5CA7}.Custom1|x64.Build.0 = Release|x64
		{A6513694-D290-4C7B-BC36-7C64294D5CA7}.Custom1|x86.ActiveCfg = Release|Win32
		{A6513694-D290-4C7B-BC36-7C64294D5CA7}.Custom1|x86.Build.0 = Release|Win32
		{A6513694-D290-4C7B-BC36-7C64294D5CA7}.Debug|x64.ActiveCfg = Debug|x64
		{A6513694-D290-4C7B-BC36-7C64294D5CA7}.Debug|x86.ActiveCfg = Debug|Win32
		{A6513694-D290-4C7B-BC36-7C64294D5CA7}.Debug|x86.Build.0 = Debug|Win32
		{A6513694-D290-4C7B-BC36-7C64294D5CA7}.Release|x64.ActiveCfg = Release|x64
		{A6513694-D290-4C7B-BC36-7C64294D5CA7}.Release|x86.ActiveCfg = Release|Win32
		{A6513694-D290-4C7B-BC36-7C64294D5CA7}.Release|x86.Build.0 = Release|Win32
		{29E32797-A3C1-43FF-B083-960CC8F63164}.Custom1|x64.ActiveCfg = Release|x64
		{29E32797-A3C1-43FF-B083-960CC8F63164}.Custom1|x64.Build.0 = Release|x64
		{29E32797-A3C1-43FF-B083-960CC8F63164}.Custom1|x86.ActiveCfg = Release|Win32
		{29E32797-A3C1-43FF-B083-960CC8F63164}.Custom1|x86.Build.0 = Release|Win32
		{29E32797-A3C1-43FF-B083-960CC8F63164}.Debug|x64.ActiveCfg = Debug|x64
		{29E32797-A3C1-43FF-B083-960CC8F63164}.Debug|x86.ActiveCfg = Debug|Win32
		{29E32797-A3C1-43FF-B083-960CC8F63164}.Debug|x86.Build.0 = Debug|Win32
		{29E32797-A3C1-43FF-B083-960CC8F63164}.Release|x64.ActiveCfg = Release|x64
		{29E32797-A3C1-43FF-B083-960CC8F63164}.Release|x86.ActiveCfg = Release|Win32
		{29E32797-A3C1-43FF-B083-960CC8F63164}.Release|x86.Build.0 = Release|Win32
		{171EFD56-354F-4408-BFC2-844CFC443432}.Custom1|x64.ActiveCfg = Release|x64
		{171EFD56-354F-4408-BFC2-844CFC443432}.Custom1|x64.Build.0 = Release|x64
		{171EFD56-354F-4408-BFC2-844CFC443432}.Custom1|x86.ActiveCfg = Release|Win32
		{171EFD56-354F-4408-BFC2-844CFC443432}.Custom1|x86.Build.0 = Release|Win32
		{171EFD56-354F-4408-BFC2-844CFC443432}.Debug|x64.ActiveCfg = Debug|x64
		{171EFD56-354F-4408-BFC2-844CFC443432}.Debug|x86.ActiveCfg = Debug|Win32
		{171EFD56-354F-4408-BFC2-844CFC443432}.Debug|x86.Build.0 = Debug|Win32
		{171EFD56-354F-4408-BFC2-844CFC443432}.Release|x64.ActiveCfg = Release|x64
		{171EFD56-354F-4408-BFC2-844CFC443432}.Release|x86.ActiveCfg = Release|Win32
		{171EFD56-354F-4408-BFC2-844CFC443432}.Release|x86.Build.0 = Release|Win32
		{8591F7FD-0348-4253-AEF3-BCA0312C5FC4}.Custom1|x64.ActiveCfg = Release|x64
		{8591F7FD-0348-4253-AEF3-BCA0312C5FC4}.Custom1|x64.Build.0 = Release|x64
		{8591F7FD-0348-4253-AEF3-BCA0312C5FC4}.Custom1|x86.ActiveCfg = Release|Win32
		{8591F7FD-0348-4253-AEF3-BCA0312C5FC4}.Custom1|x86.Build.0 = Release|Win32
		{8591F7FD-0348-4253-AEF3-BCA0312C5FC4}.Debug|x64.ActiveCfg = Debug|x64
		{8591F7FD-0348-4253-AEF3-BCA0312C5FC4}.Debug|x86.ActiveCfg = Debug|Win32
		{8591F7FD-0348-4253-AEF3-BCA0312C5FC4}.Debug|x86.Build.0 = Debug|Win32
		{8591F7FD-0348-4253-AEF3-BCA0312C5FC4}.Release|x64.ActiveCfg = Release|x64
		{8591F7FD-0348-4253-AEF3-BCA0312C5FC4}.Release|x86.ActiveCfg = Release|Win32
		{8591F7FD-0348-4253-AEF3-BCA0312C5FC4}.Release|x86.Build.0 = Release|Win32
	EndGlobalSection
	GlobalSection(SolutionProperties) = preSolution
		HideSolutionNode = FALSE
	EndGlobalSection
	GlobalSection(ExtensibilityGlobals) = postSolution
		SolutionGuid = {838C4D99-F693-4DCF-AFF4-5A5A02207899}
	EndGlobalSection
	GlobalSection(Performance) = preSolution
		HasPerformanceSessions = true
	EndGlobalSection
	GlobalSection(Performance) = preSolution
		HasPerformanceSessions = true
	EndGlobalSection
	GlobalSection(Performance) = preSolution
		HasPerformanceSessions = true
	EndGlobalSection
	GlobalSection(Performance) = preSolution
		HasPerformanceSessions = true
	EndGlobalSection
	GlobalSection(Performance) = preSolution
		HasPerformanceSessions = true
	EndGlobalSection
	GlobalSection(Performance) = preSolution
		HasPerformanceSessions = true
	EndGlobalSection
	GlobalSection(Performance) = preSolution
		HasPerformanceSessions = true
	EndGlobalSection
	GlobalSection(Performance) = preSolution
		HasPerformanceSessions = true
	EndGlobalSection
	GlobalSection(Performance) = preSolution
		HasPerformanceSessions = true
	EndGlobalSection
EndGlobal
